{
  "name": "charging-post",
  "version": "1.0.0",
  "lockfileVersion": 1,
  "requires": true,
  "dependencies": {
    "@miniprogram-component-plus/tabs": {
      "version": "1.0.0",
      "resolved": "http://192.168.2.98:4873/@miniprogram-component-plus%2ftabs/-/tabs-1.0.0.tgz",
      "integrity": "sha1-y/a04858SsiteQqES0BxVfB9ntc="
    },
    "dayjs": {
      "version": "1.10.5",
      "resolved": "http://192.168.2.98:4873/dayjs/-/dayjs-1.10.5.tgz",
      "integrity": "sha1-VgDfRUj8JFOz8WPrsqu+llzPuYY="
    },
    "decode-uri-component": {
      "version": "0.2.0",
      "resolved": "http://192.168.2.98:4873/decode-uri-component/-/decode-uri-component-0.2.0.tgz",
      "integrity": "sha1-6zkTMzRYd1y4TNGh+uBiEGu4dUU="
    },
    "eventemitter3": {
      "version": "4.0.7",
      "resolved": "http://192.168.2.98:4873/eventemitter3/-/eventemitter3-4.0.7.tgz",
      "integrity": "sha1-Lem2j2Uo1WRO9cWVJqG0oHMGFp8="
    },
    "filter-obj": {
      "version": "1.1.0",
      "resolved": "http://192.168.2.98:4873/filter-obj/-/filter-obj-1.1.0.tgz",
      "integrity": "sha1-mzERErxsYSehbgFsbF1/GeCAXFs="
    },
    "gcoord": {
      "version": "0.3.2",
      "resolved": "http://192.168.2.98:4873/gcoord/-/gcoord-0.3.2.tgz",
      "integrity": "sha1-V+/hU14f55CV0LIWZgCUHDNDjUI="
    },
    "lodash": {
      "version": "4.17.21",
      "resolved": "http://192.168.2.98:4873/lodash/-/lodash-4.17.21.tgz",
      "integrity": "sha1-Z5WRxWTDv/quhFTPCz3zcMPWkRw="
    },
    "query-string": {
      "version": "7.0.1",
      "resolved": "http://192.168.2.98:4873/query-string/-/query-string-7.0.1.tgz",
      "integrity": "sha1-Rb0UnPWGqqWC3/x+x6itl90C910=",
      "requires": {
        "decode-uri-component": "^0.2.0",
        "filter-obj": "^1.1.0",
        "split-on-first": "^1.0.0",
        "strict-uri-encode": "^2.0.0"
      }
    },
    "split-on-first": {
      "version": "1.1.0",
      "resolved": "http://192.168.2.98:4873/split-on-first/-/split-on-first-1.1.0.tgz",
      "integrity": "sha1-9hCv7uOxK84dDDBCXnY5i3gkml8="
    },
    "strict-uri-encode": {
      "version": "2.0.0",
      "resolved": "http://192.168.2.98:4873/strict-uri-encode/-/strict-uri-encode-2.0.0.tgz",
      "integrity": "sha1-ucczDHBChi9rFC3CdLvMWGbONUY="
    }
  }
}
